
Microsoft Visual Studio Solution File, Format Version 12.00
# Visual Studio Version 17
VisualStudioVersion = 17.9.34728.123
MinimumVisualStudioVersion = 10.0.40219.1
Project("{FAE04EC0-301F-11D3-BF4B-00C04F79EFBC}") = "Ericss_CommerceMVC-C8", "Ericss_CommerceMVC-C8\Ericss_CommerceMVC-C8.csproj", "{19C6EEE2-C150-4458-9E41-7BAAFA08A39E}"
EndProject
Global
	GlobalSection(SolutionConfigurationPlatforms) = preSolution
		Debug|Any CPU = Debug|Any CPU
		Release|Any CPU = Release|Any CPU
	EndGlobalSection
	GlobalSection(ProjectConfigurationPlatforms) = postSolution
		{19C6EEE2-C150-4458-9E41-7BAAFA08A39E}.Debug|Any CPU.ActiveCfg = Debug|Any CPU
		{19C6EEE2-C150-4458-9E41-7BAAFA08A39E}.Debug|Any CPU.Build.0 = Debug|Any CPU
		{19C6EEE2-C150-4458-9E41-7BAAFA08A39E}.Release|Any CPU.ActiveCfg = Release|Any CPU
		{19C6EEE2-C150-4458-9E41-7BAAFA08A39E}.Release|Any CPU.Build.0 = Release|Any CPU
	EndGlobalSection
	GlobalSection(SolutionProperties) = preSolution
		HideSolutionNode = FALSE
	EndGlobalSection
	GlobalSection(ExtensibilityGlobals) = postSolution
		SolutionGuid = {2DB3596D-3F5E-4686-836A-C9DFE834E1C5}
	EndGlobalSection
EndGlobal
